// !$*UTF8*$!
{
	archiveVersion = 1;
	classes = {
	};
	objectVersion = 56;
	objects = {

/* Begin PBXBuildFile section */
		34EBE39A2BC385D9004B4E9C /* Word_ScrambleApp.swift in Sources */ = {isa = PBXBuildFile; fileRef = 34EBE3992BC385D9004B4E9C /* Word_ScrambleApp.swift */; };
		34EBE39C2BC385D9004B4E9C /* ContentView.swift in Sources */ = {isa = PBXBuildFile; fileRef = 34EBE39B2BC385D9004B4E9C /* ContentView.swift */; };
		34EBE39E2BC385DB004B4E9C /* Assets.xcassets in Resources */ = {isa = PBXBuildFile; fileRef = 34EBE39D2BC385DB004B4E9C /* Assets.xcassets */; };
		34EBE3A12BC385DB004B4E9C /* Preview Assets.xcassets in Resources */ = {isa = PBXBuildFile; fileRef = 34EBE3A02BC385DB004B4E9C /* Preview Assets.xcassets */; };
		34EBE3AB2BC385DB004B4E9C /* Word_ScrambleTests.swift in Sources */ = {isa = PBXBuildFile; fileRef = 34EBE3AA2BC385DB004B4E9C /* Word_ScrambleTests.swift */; };
		34EBE3B52BC385DB004B4E9C /* Word_ScrambleUITests.swift in Sources */ = {isa = PBXBuildFile; fileRef = 34EBE3B42BC385DB004B4E9C /* Word_ScrambleUITests.swift */; };
		34EBE3B72BC385DB004B4E9C /* Word_ScrambleUITestsLaunchTests.swift in Sources */ = {isa = PBXBuildFile; fileRef = 34EBE3B62BC385DB004B4E9C /* Word_ScrambleUITestsLaunchTests.swift */; };
		34EBE3C42BC4C09E004B4E9C /* start.txt in Resources */ = {isa = PBXBuildFile; fileRef = 34EBE3C32BC4C09E004B4E9C /* start.txt */; };
/* End PBXBuildFile section */

/* Begin PBXContainerItemProxy section */
		34EBE3A72BC385DB004B4E9C /* PBXContainerItemProxy */ = {
			isa = PBXContainerItemProxy;
			containerPortal = 34EBE38E2BC385D9004B4E9C /* Project object */;
			proxyType = 1;
			remoteGlobalIDString = 34EBE3952BC385D9004B4E9C;
			remoteInfo = "Word Scramble";
		};
		34EBE3B12BC385DB004B4E9C /* PBXContainerItemProxy */ = {
			isa = PBXContainerItemProxy;
			containerPortal = 34EBE38E2BC385D9004B4E9C /* Project object */;
			proxyType = 1;
			remoteGlobalIDString = 34EBE3952BC385D9004B4E9C;
			remoteInfo = "Word Scramble";
		};
/* End PBXContainerItemProxy section */

/* Begin PBXFileReference section */
		34EBE3962BC385D9004B4E9C /* Word Scramble.app */ = {isa = PBXFileReference; explicitFileType = wrapper.application; includeInIndex = 0; path = "Word Scramble.app"; sourceTree = BUILT_PRODUCTS_DIR; };
		34EBE3992BC385D9004B4E9C /* Word_ScrambleApp.swift */ = {isa = PBXFileReference; lastKnownFileType = sourcecode.swift; path = Word_ScrambleApp.swift; sourceTree = "<group>"; };
		34EBE39B2BC385D9004B4E9C /* ContentView.swift */ = {isa = PBXFileReference; lastKnownFileType = sourcecode.swift; path = ContentView.swift; sourceTree = "<group>"; };
		34EBE39D2BC385DB004B4E9C /* Assets.xcassets */ = {isa = PBXFileReference; lastKnownFileType = folder.assetcatalog; path = Assets.xcassets; sourceTree = "<group>"; };
		34EBE3A02BC385DB004B4E9C /* Preview Assets.xcassets */ = {isa = PBXFileReference; lastKnownFileType = folder.assetcatalog; path = "Preview Assets.xcassets"; sourceTree = "<group>"; };
		34EBE3A62BC385DB004B4E9C /* Word ScrambleTests.xctest */ = {isa = PBXFileReference; explicitFileType = wrapper.cfbundle; includeInIndex = 0; path = "Word ScrambleTests.xctest"; sourceTree = BUILT_PRODUCTS_DIR; };
		34EBE3AA2BC385DB004B4E9C /* Word_ScrambleTests.swift */ = {isa = PBXFileReference; lastKnownFileType = sourcecode.swift; path = Word_ScrambleTests.swift; sourceTree = "<group>"; };
		34EBE3B02BC385DB004B4E9C /* Word ScrambleUITests.xctest */ = {isa = PBXFileReference; explicitFileType = wrapper.cfbundle; includeInIndex = 0; path = "Word ScrambleUITests.xctest"; sourceTree = BUILT_PRODUCTS_DIR; };
		34EBE3B42BC385DB004B4E9C /* Word_ScrambleUITests.swift */ = {isa = PBXFileReference; lastKnownFileType = sourcecode.swift; path = Word_ScrambleUITests.swift; sourceTree = "<group>"; };
		34EBE3B62BC385DB004B4E9C /* Word_ScrambleUITestsLaunchTests.swift */ = {isa = PBXFileReference; lastKnownFileType = sourcecode.swift; path = Word_ScrambleUITestsLaunchTests.swift; sourceTree = "<group>"; };
		34EBE3C32BC4C09E004B4E9C /* start.txt */ = {isa = PBXFileReference; fileEncoding = 4; lastKnownFileType = text; path = start.txt; sourceTree = "<group>"; };
/* End PBXFileReference section */

/* Begin PBXFrameworksBuildPhase section */
		34EBE3932BC385D9004B4E9C /* Frameworks */ = {
			isa = PBXFrameworksBuildPhase;
			buildActionMask = 2147483647;
			files = (
			);
			runOnlyForDeploymentPostprocessing = 0;
		};
		34EBE3A32BC385DB004B4E9C /* Frameworks */ = {
			isa = PBXFrameworksBuildPhase;
			buildActionMask = 2147483647;
			files = (
			);
			runOnlyForDeploymentPostprocessing = 0;
		};
		34EBE3AD2BC385DB004B4E9C /* Frameworks */ = {
			isa = PBXFrameworksBuildPhase;
			buildActionMask = 2147483647;
			files = (
			);
			runOnlyForDeploymentPostprocessing = 0;
		};
/* End PBXFrameworksBuildPhase section */

/* Begin PBXGroup section */
		34EBE38D2BC385D9004B4E9C = {
			isa = PBXGroup;
			children = (
				34EBE3982BC385D9004B4E9C /* Word Scramble */,
				34EBE3A92BC385DB004B4E9C /* Word ScrambleTests */,
				34EBE3B32BC385DB004B4E9C /* Word ScrambleUITests */,
				34EBE3972BC385D9004B4E9C /* Products */,
			);
			sourceTree = "<group>";
		};
		34EBE3972BC385D9004B4E9C /* Products */ = {
			isa = PBXGroup;
			children = (
				34EBE3962BC385D9004B4E9C /* Word Scramble.app */,
				34EBE3A62BC385DB004B4E9C /* Word ScrambleTests.xctest */,
				34EBE3B02BC385DB004B4E9C /* Word ScrambleUITests.xctest */,
			);
			name = Products;
			sourceTree = "<group>";
		};
		34EBE3982BC385D9004B4E9C /* Word Scramble */ = {
			isa = PBXGroup;
			children = (
				34EBE3992BC385D9004B4E9C /* Word_ScrambleApp.swift */,
				34EBE39B2BC385D9004B4E9C /* ContentView.swift */,
				34EBE3C32BC4C09E004B4E9C /* start.txt */,
				34EBE39D2BC385DB004B4E9C /* Assets.xcassets */,
				34EBE39F2BC385DB004B4E9C /* Preview Content */,
			);
			path = "Word Scramble";
			sourceTree = "<group>";
		};
		34EBE39F2BC385DB004B4E9C /* Preview Content */ = {
			isa = PBXGroup;
			children = (
				34EBE3A02BC385DB004B4E9C /* Preview Assets.xcassets */,
			);
			path = "Preview Content";
			sourceTree = "<group>";
		};
		34EBE3A92BC385DB004B4E9C /* Word ScrambleTests */ = {
			isa = PBXGroup;
			children = (
				34EBE3AA2BC385DB004B4E9C /* Word_ScrambleTests.swift */,
			);
			path = "Word ScrambleTests";
			sourceTree = "<group>";
		};
		34EBE3B32BC385DB004B4E9C /* Word ScrambleUITests */ = {
			isa = PBXGroup;
			children = (
				34EBE3B42BC385DB004B4E9C /* Word_ScrambleUITests.swift */,
				34EBE3B62BC385DB004B4E9C /* Word_ScrambleUITestsLaunchTests.swift */,
			);
			path = "Word ScrambleUITests";
			sourceTree = "<group>";
		};
/* End PBXGroup section */

/* Begin PBXNativeTarget section */
		34EBE3952BC385D9004B4E9C /* Word Scramble */ = {
			isa = PBXNativeTarget;
			buildConfigurationList = 34EBE3BA2BC385DB004B4E9C /* Build configuration list for PBXNativeTarget "Word Scramble" */;
			buildPhases = (
				34EBE3922BC385D9004B4E9C /* Sources */,
				34EBE3932BC385D9004B4E9C /* Frameworks */,
				34EBE3942BC385D9004B4E9C /* Resources */,
			);
			buildRules = (
			);
			dependencies = (
			);
			name = "Word Scramble";
			productName = "Word Scramble";
			productReference = 34EBE3962BC385D9004B4E9C /* Word Scramble.app */;
			productType = "com.apple.product-type.application";
		};
		34EBE3A52BC385DB004B4E9C /* Word ScrambleTests */ = {
			isa = PBXNativeTarget;
			buildConfigurationList = 34EBE3BD2BC385DB004B4E9C /* Build configuration list for PBXNativeTarget "Word ScrambleTests" */;
			buildPhases = (
				34EBE3A22BC385DB004B4E9C /* Sources */,
				34EBE3A32BC385DB004B4E9C /* Frameworks */,
				34EBE3A42BC385DB004B4E9C /* Resources */,
			);
			buildRules = (
			);
			dependencies = (
				34EBE3A82BC385DB004B4E9C /* PBXTargetDependency */,
			);
			name = "Word ScrambleTests";
			productName = "Word ScrambleTests";
			productReference = 34EBE3A62BC385DB004B4E9C /* Word ScrambleTests.xctest */;
			productType = "com.apple.product-type.bundle.unit-test";
		};
		34EBE3AF2BC385DB004B4E9C /* Word ScrambleUITests */ = {
			isa = PBXNativeTarget;
			buildConfigurationList = 34EBE3C02BC385DB004B4E9C /* Build configuration list for PBXNativeTarget "Word ScrambleUITests" */;
			buildPhases = (
				34EBE3AC2BC385DB004B4E9C /* Sources */,
				34EBE3AD2BC385DB004B4E9C /* Frameworks */,
				34EBE3AE2BC385DB004B4E9C /* Resources */,
			);
			buildRules = (
			);
			dependencies = (
				34EBE3B22BC385DB004B4E9C /* PBXTargetDependency */,
			);
			name = "Word ScrambleUITests";
			productName = "Word ScrambleUITests";
			productReference = 34EBE3B02BC385DB004B4E9C /* Word ScrambleUITests.xctest */;
			productType = "com.apple.product-type.bundle.ui-testing";
		};
/* End PBXNativeTarget section */

/* Begin PBXProject section */
		34EBE38E2BC385D9004B4E9C /* Project object */ = {
			isa = PBXProject;
			attributes = {
				BuildIndependentTargetsInParallel = 1;
				LastSwiftUpdateCheck = 1530;
				LastUpgradeCheck = 1530;
				TargetAttributes = {
					34EBE3952BC385D9004B4E9C = {
						CreatedOnToolsVersion = 15.3;
					};
					34EBE3A52BC385DB004B4E9C = {
						CreatedOnToolsVersion = 15.3;
						TestTargetID = 34EBE3952BC385D9004B4E9C;
					};
					34EBE3AF2BC385DB004B4E9C = {
						CreatedOnToolsVersion = 15.3;
						TestTargetID = 34EBE3952BC385D9004B4E9C;
					};
				};
			};
			buildConfigurationList = 34EBE3912BC385D9004B4E9C /* Build configuration list for PBXProject "Word Scramble" */;
			compatibilityVersion = "Xcode 14.0";
			developmentRegion = en;
			hasScannedForEncodings = 0;
			knownRegions = (
				en,
				Base,
			);
			mainGroup = 34EBE38D2BC385D9004B4E9C;
			productRefGroup = 34EBE3972BC385D9004B4E9C /* Products */;
			projectDirPath = "";
			projectRoot = "";
			targets = (
				34EBE3952BC385D9004B4E9C /* Word Scramble */,
				34EBE3A52BC385DB004B4E9C /* Word ScrambleTests */,
				34EBE3AF2BC385DB004B4E9C /* Word ScrambleUITests */,
			);
		};
/* End PBXProject section */

/* Begin PBXResourcesBuildPhase section */
		34EBE3942BC385D9004B4E9C /* Resources */ = {
			isa = PBXResourcesBuildPhase;
			buildActionMask = 2147483647;
			files = (
				34EBE3A12BC385DB004B4E9C /* Preview Assets.xcassets in Resources */,
				34EBE3C42BC4C09E004B4E9C /* start.txt in Resources */,
				34EBE39E2BC385DB004B4E9C /* Assets.xcassets in Resources */,
			);
			runOnlyForDeploymentPostprocessing = 0;
		};
		34EBE3A42BC385DB004B4E9C /* Resources */ = {
			isa = PBXResourcesBuildPhase;
			buildActionMask = 2147483647;
			files = (
			);
			runOnlyForDeploymentPostprocessing = 0;
		};
		34EBE3AE2BC385DB004B4E9C /* Resources */ = {
			isa = PBXResourcesBuildPhase;
			buildActionMask = 2147483647;
			files = (
			);
			runOnlyForDeploymentPostprocessing = 0;
		};
/* End PBXResourcesBuildPhase section */

/* Begin PBXSourcesBuildPhase section */
		34EBE3922BC385D9004B4E9C /* Sources */ = {
			isa = PBXSourcesBuildPhase;
			buildActionMask = 2147483647;
			files = (
				34EBE39C2BC385D9004B4E9C /* ContentView.swift in Sources */,
				34EBE39A2BC385D9004B4E9C /* Word_ScrambleApp.swift in Sources */,
			);
			runOnlyForDeploymentPostprocessing = 0;
		};
		34EBE3A22BC385DB004B4E9C /* Sources */ = {
			isa = PBXSourcesBuildPhase;
			buildActionMask = 2147483647;
			files = (
				34EBE3AB2BC385DB004B4E9C /* Word_ScrambleTests.swift in Sources */,
			);
			runOnlyForDeploymentPostprocessing = 0;
		};
		34EBE3AC2BC385DB004B4E9C /* Sources */ = {
			isa = PBXSourcesBuildPhase;
			buildActionMask = 2147483647;
			files = (
				34EBE3B52BC385DB004B4E9C /* Word_ScrambleUITests.swift in Sources */,
				34EBE3B72BC385DB004B4E9C /* Word_ScrambleUITestsLaunchTests.swift in Sources */,
			);
			runOnlyForDeploymentPostprocessing = 0;
		};
/* End PBXSourcesBuildPhase section */

/* Begin PBXTargetDependency section */
		34EBE3A82BC385DB004B4E9C /* PBXTargetDependency */ = {
			isa = PBXTargetDependency;
			target = 34EBE3952BC385D9004B4E9C /* Word Scramble */;
			targetProxy = 34EBE3A72BC385DB004B4E9C /* PBXContainerItemProxy */;
		};
		34EBE3B22BC385DB004B4E9C /* PBXTargetDependency */ = {
			isa = PBXTargetDependency;
			target = 34EBE3952BC385D9004B4E9C /* Word Scramble */;
			targetProxy = 34EBE3B12BC385DB004B4E9C /* PBXContainerItemProxy */;
		};
/* End PBXTargetDependency section */

/* Begin XCBuildConfiguration section */
		34EBE3B82BC385DB004B4E9C /* Debug */ = {
			isa = XCBuildConfiguration;
			buildSettings = {
				ALWAYS_SEARCH_USER_PATHS = NO;
				ASSETCATALOG_COMPILER_GENERATE_SWIFT_ASSET_SYMBOL_EXTENSIONS = YES;
				CLANG_ANALYZER_NONNULL = YES;
				CLANG_ANALYZER_NUMBER_OBJECT_CONVERSION = YES_AGGRESSIVE;
				CLANG_CXX_LANGUAGE_STANDARD = "gnu++20";
				CLANG_ENABLE_MODULES = YES;
				CLANG_ENABLE_OBJC_ARC = YES;
				CLANG_ENABLE_OBJC_WEAK = YES;
				CLANG_WARN_BLOCK_CAPTURE_AUTORELEASING = YES;
				CLANG_WARN_BOOL_CONVERSION = YES;
				CLANG_WARN_COMMA = YES;
				CLANG_WARN_CONSTANT_CONVERSION = YES;
				CLANG_WARN_DEPRECATED_OBJC_IMPLEMENTATIONS = YES;
				CLANG_WARN_DIRECT_OBJC_ISA_USAGE = YES_ERROR;
				CLANG_WARN_DOCUMENTATION_COMMENTS = YES;
				CLANG_WARN_EMPTY_BODY = YES;
				CLANG_WARN_ENUM_CONVERSION = YES;
				CLANG_WARN_INFINITE_RECURSION = YES;
				CLANG_WARN_INT_CONVERSION = YES;
				CLANG_WARN_NON_LITERAL_NULL_CONVERSION = YES;
				CLANG_WARN_OBJC_IMPLICIT_RETAIN_SELF = YES;
				CLANG_WARN_OBJC_LITERAL_CONVERSION = YES;
				CLANG_WARN_OBJC_ROOT_CLASS = YES_ERROR;
				CLANG_WARN_QUOTED_INCLUDE_IN_FRAMEWORK_HEADER = YES;
				CLANG_WARN_RANGE_LOOP_ANALYSIS = YES;
				CLANG_WARN_STRICT_PROTOTYPES = YES;
				CLANG_WARN_SUSPICIOUS_MOVE = YES;
				CLANG_WARN_UNGUARDED_AVAILABILITY = YES_AGGRESSIVE;
				CLANG_WARN_UNREACHABLE_CODE = YES;
				CLANG_WARN__DUPLICATE_METHOD_MATCH = YES;
				COPY_PHASE_STRIP = NO;
				DEBUG_INFORMATION_FORMAT = dwarf;
				ENABLE_STRICT_OBJC_MSGSEND = YES;
				ENABLE_TESTABILITY = YES;
				ENABLE_USER_SCRIPT_SANDBOXING = YES;
				GCC_C_LANGUAGE_STANDARD = gnu17;
				GCC_DYNAMIC_NO_PIC = NO;
				GCC_NO_COMMON_BLOCKS = YES;
				GCC_OPTIMIZATION_LEVEL = 0;
				GCC_PREPROCESSOR_DEFINITIONS = (
					"DEBUG=1",
					"$(inherited)",
				);
				GCC_WARN_64_TO_32_BIT_CONVERSION = YES;
				GCC_WARN_ABOUT_RETURN_TYPE = YES_ERROR;
				GCC_WARN_UNDECLARED_SELECTOR = YES;
				GCC_WARN_UNINITIALIZED_AUTOS = YES_AGGRESSIVE;
				GCC_WARN_UNUSED_FUNCTION = YES;
				GCC_WARN_UNUSED_VARIABLE = YES;
				IPHONEOS_DEPLOYMENT_TARGET = 17.4;
				LOCALIZATION_PREFERS_STRING_CATALOGS = YES;
				MTL_ENABLE_DEBUG_INFO = INCLUDE_SOURCE;
				MTL_FAST_MATH = YES;
				ONLY_ACTIVE_ARCH = YES;
				SDKROOT = iphoneos;
				SWIFT_ACTIVE_COMPILATION_CONDITIONS = "DEBUG $(inherited)";
				SWIFT_OPTIMIZATION_LEVEL = "-Onone";
			};
			name = Debug;
		};
		34EBE3B92BC385DB004B4E9C /* Release */ = {
			isa = XCBuildConfiguration;
			buildSettings = {
				ALWAYS_SEARCH_USER_PATHS = NO;
				ASSETCATALOG_COMPILER_GENERATE_SWIFT_ASSET_SYMBOL_EXTENSIONS = YES;
				CLANG_ANALYZER_NONNULL = YES;
				CLANG_ANALYZER_NUMBER_OBJECT_CONVERSION = YES_AGGRESSIVE;
				CLANG_CXX_LANGUAGE_STANDARD = "gnu++20";
				CLANG_ENABLE_MODULES = YES;
				CLANG_ENABLE_OBJC_ARC = YES;
				CLANG_ENABLE_OBJC_WEAK = YES;
				CLANG_WARN_BLOCK_CAPTURE_AUTORELEASING = YES;
				CLANG_WARN_BOOL_CONVERSION = YES;
				CLANG_WARN_COMMA = YES;
				CLANG_WARN_CONSTANT_CONVERSION = YES;
				CLANG_WARN_DEPRECATED_OBJC_IMPLEMENTATIONS = YES;
				CLANG_WARN_DIRECT_OBJC_ISA_USAGE = YES_ERROR;
				CLANG_WARN_DOCUMENTATION_COMMENTS = YES;
				CLANG_WARN_EMPTY_BODY = YES;
				CLANG_WARN_ENUM_CONVERSION = YES;
				CLANG_WARN_INFINITE_RECURSION = YES;
				CLANG_WARN_INT_CONVERSION = YES;
				CLANG_WARN_NON_LITERAL_NULL_CONVERSION = YES;
				CLANG_WARN_OBJC_IMPLICIT_RETAIN_SELF = YES;
				CLANG_WARN_OBJC_LITERAL_CONVERSION = YES;
				CLANG_WARN_OBJC_ROOT_CLASS = YES_ERROR;
				CLANG_WARN_QUOTED_INCLUDE_IN_FRAMEWORK_HEADER = YES;
				CLANG_WARN_RANGE_LOOP_ANALYSIS = YES;
				CLANG_WARN_STRICT_PROTOTYPES = YES;
				CLANG_WARN_SUSPICIOUS_MOVE = YES;
				CLANG_WARN_UNGUARDED_AVAILABILITY = YES_AGGRESSIVE;
				CLANG_WARN_UNREACHABLE_CODE = YES;
				CLANG_WARN__DUPLICATE_METHOD_MATCH = YES;
				COPY_PHASE_STRIP = NO;
				DEBUG_INFORMATION_FORMAT = "dwarf-with-dsym";
				ENABLE_NS_ASSERTIONS = NO;
				ENABLE_STRICT_OBJC_MSGSEND = YES;
				ENABLE_USER_SCRIPT_SANDBOXING = YES;
				GCC_C_LANGUAGE_STANDARD = gnu17;
				GCC_NO_COMMON_BLOCKS = YES;
				GCC_WARN_64_TO_32_BIT_CONVERSION = YES;
				GCC_WARN_ABOUT_RETURN_TYPE = YES_ERROR;
				GCC_WARN_UNDECLARED_SELECTOR = YES;
				GCC_WARN_UNINITIALIZED_AUTOS = YES_AGGRESSIVE;
				GCC_WARN_UNUSED_FUNCTION = YES;
				GCC_WARN_UNUSED_VARIABLE = YES;
				IPHONEOS_DEPLOYMENT_TARGET = 17.4;
				LOCALIZATION_PREFERS_STRING_CATALOGS = YES;
				MTL_ENABLE_DEBUG_INFO = NO;
				MTL_FAST_MATH = YES;
				SDKROOT = iphoneos;
				SWIFT_COMPILATION_MODE = wholemodule;
				VALIDATE_PRODUCT = YES;
			};
			name = Release;
		};
		34EBE3BB2BC385DB004B4E9C /* Debug */ = {
			isa = XCBuildConfiguration;
			buildSettings = {
				ASSETCATALOG_COMPILER_APPICON_NAME = AppIcon;
				ASSETCATALOG_COMPILER_GLOBAL_ACCENT_COLOR_NAME = AccentColor;
				CODE_SIGN_STYLE = Automatic;
				CURRENT_PROJECT_VERSION = 1;
				DEVELOPMENT_ASSET_PATHS = "\"Word Scramble/Preview Content\"";
				DEVELOPMENT_TEAM = RASZ5V56S7;
				ENABLE_PREVIEWS = YES;
				GENERATE_INFOPLIST_FILE = YES;
				INFOPLIST_KEY_UIApplicationSceneManifest_Generation = YES;
				INFOPLIST_KEY_UIApplicationSupportsIndirectInputEvents = YES;
				INFOPLIST_KEY_UILaunchScreen_Generation = YES;
				INFOPLIST_KEY_UISupportedInterfaceOrientations_iPad = "UIInterfaceOrientationPortrait UIInterfaceOrientationPortraitUpsideDown UIInterfaceOrientationLandscapeLeft UIInterfaceOrientationLandscapeRight";
				INFOPLIST_KEY_UISupportedInterfaceOrientations_iPhone = "UIInterfaceOrientationPortrait UIInterfaceOrientationLandscapeLeft UIInterfaceOrientationLandscapeRight";
				LD_RUNPATH_SEARCH_PATHS = (
					"$(inherited)",
					"@executable_path/Frameworks",
				);
				MARKETING_VERSION = 1.0;
				PRODUCT_BUNDLE_IDENTIFIER = "site.notion.ollie-dev.Word-Scramble";
				PRODUCT_NAME = "$(TARGET_NAME)";
				SWIFT_EMIT_LOC_STRINGS = YES;
				SWIFT_VERSION = 5.0;
				TARGETED_DEVICE_FAMILY = "1,2";
			};
			name = Debug;
		};
		34EBE3BC2BC385DB004B4E9C /* Release */ = {
			isa = XCBuildConfiguration;
			buildSettings = {
				ASSETCATALOG_COMPILER_APPICON_NAME = AppIcon;
				ASSETCATALOG_COMPILER_GLOBAL_ACCENT_COLOR_NAME = AccentColor;
				CODE_SIGN_STYLE = Automatic;
				CURRENT_PROJECT_VERSION = 1;
				DEVELOPMENT_ASSET_PATHS = "\"Word Scramble/Preview Content\"";
				DEVELOPMENT_TEAM = RASZ5V56S7;
				ENABLE_PREVIEWS = YES;
				GENERATE_INFOPLIST_FILE = YES;
				INFOPLIST_KEY_UIApplicationSceneManifest_Generation = YES;
				INFOPLIST_KEY_UIApplicationSupportsIndirectInputEvents = YES;
				INFOPLIST_KEY_UILaunchScreen_Generation = YES;
				INFOPLIST_KEY_UISupportedInterfaceOrientations_iPad = "UIInterfaceOrientationPortrait UIInterfaceOrientationPortraitUpsideDown UIInterfaceOrientationLandscapeLeft UIInterfaceOrientationLandscapeRight";
				INFOPLIST_KEY_UISupportedInterfaceOrientations_iPhone = "UIInterfaceOrientationPortrait UIInterfaceOrientationLandscapeLeft UIInterfaceOrientationLandscapeRight";
				LD_RUNPATH_SEARCH_PATHS = (
					"$(inherited)",
					"@executable_path/Frameworks",
				);
				MARKETING_VERSION = 1.0;
				PRODUCT_BUNDLE_IDENTIFIER = "site.notion.ollie-dev.Word-Scramble";
				PRODUCT_NAME = "$(TARGET_NAME)";
				SWIFT_EMIT_LOC_STRINGS = YES;
				SWIFT_VERSION = 5.0;
				TARGETED_DEVICE_FAMILY = "1,2";
			};
			name = Release;
		};
		34EBE3BE2BC385DB004B4E9C /* Debug */ = {
			isa = XCBuildConfiguration;
			buildSettings = {
				ALWAYS_EMBED_SWIFT_STANDARD_LIBRARIES = YES;
				BUNDLE_LOADER = "$(TEST_HOST)";
				CODE_SIGN_STYLE = Automatic;
				CURRENT_PROJECT_VERSION = 1;
				DEVELOPMENT_TEAM = RASZ5V56S7;
				GENERATE_INFOPLIST_FILE = YES;
				IPHONEOS_DEPLOYMENT_TARGET = 17.4;
				MARKETING_VERSION = 1.0;
				PRODUCT_BUNDLE_IDENTIFIER = "site.notion.ollie-dev.Word-ScrambleTests";
				PRODUCT_NAME = "$(TARGET_NAME)";
				SWIFT_EMIT_LOC_STRINGS = NO;
				SWIFT_VERSION = 5.0;
				TARGETED_DEVICE_FAMILY = "1,2";
				TEST_HOST = "$(BUILT_PRODUCTS_DIR)/Word Scramble.app/$(BUNDLE_EXECUTABLE_FOLDER_PATH)/Word Scramble";
			};
			name = Debug;
		};
		34EBE3BF2BC385DB004B4E9C /* Release */ = {
			isa = XCBuildConfiguration;
			buildSettings = {
				ALWAYS_EMBED_SWIFT_STANDARD_LIBRARIES = YES;
				BUNDLE_LOADER = "$(TEST_HOST)";
				CODE_SIGN_STYLE = Automatic;
				CURRENT_PROJECT_VERSION = 1;
				DEVELOPMENT_TEAM = RASZ5V56S7;
				GENERATE_INFOPLIST_FILE = YES;
				IPHONEOS_DEPLOYMENT_TARGET = 17.4;
				MARKETING_VERSION = 1.0;
				PRODUCT_BUNDLE_IDENTIFIER = "site.notion.ollie-dev.Word-ScrambleTests";
				PRODUCT_NAME = "$(TARGET_NAME)";
				SWIFT_EMIT_LOC_STRINGS = NO;
				SWIFT_VERSION = 5.0;
				TARGETED_DEVICE_FAMILY = "1,2";
				TEST_HOST = "$(BUILT_PRODUCTS_DIR)/Word Scramble.app/$(BUNDLE_EXECUTABLE_FOLDER_PATH)/Word Scramble";
			};
			name = Release;
		};
		34EBE3C12BC385DB004B4E9C /* Debug */ = {
			isa = XCBuildConfiguration;
			buildSettings = {
				ALWAYS_EMBED_SWIFT_STANDARD_LIBRARIES = YES;
				CODE_SIGN_STYLE = Automatic;
				CURRENT_PROJECT_VERSION = 1;
				DEVELOPMENT_TEAM = RASZ5V56S7;
				GENERATE_INFOPLIST_FILE = YES;
				MARKETING_VERSION = 1.0;
				PRODUCT_BUNDLE_IDENTIFIER = "site.notion.ollie-dev.Word-ScrambleUITests";
				PRODUCT_NAME = "$(TARGET_NAME)";
				SWIFT_EMIT_LOC_STRINGS = NO;
				SWIFT_VERSION = 5.0;
				TARGETED_DEVICE_FAMILY = "1,2";
				TEST_TARGET_NAME = "Word Scramble";
			};
			name = Debug;
		};
		34EBE3C22BC385DB004B4E9C /* Release */ = {
			isa = XCBuildConfiguration;
			buildSettings = {
				ALWAYS_EMBED_SWIFT_STANDARD_LIBRARIES = YES;
				CODE_SIGN_STYLE = Automatic;
				CURRENT_PROJECT_VERSION = 1;
				DEVELOPMENT_TEAM = RASZ5V56S7;
				GENERATE_INFOPLIST_FILE = YES;
				MARKETING_VERSION = 1.0;
				PRODUCT_BUNDLE_IDENTIFIER = "site.notion.ollie-dev.Word-ScrambleUITests";
				PRODUCT_NAME = "$(TARGET_NAME)";
				SWIFT_EMIT_LOC_STRINGS = NO;
				SWIFT_VERSION = 5.0;
				TARGETED_DEVICE_FAMILY = "1,2";
				TEST_TARGET_NAME = "Word Scramble";
			};
			name = Release;
		};
/* End XCBuildConfiguration section */

/* Begin XCConfigurationList section */
		34EBE3912BC385D9004B4E9C /* Build configuration list for PBXProject "Word Scramble" */ = {
			isa = XCConfigurationList;
			buildConfigurations = (
				34EBE3B82BC385DB004B4E9C /* Debug */,
				34EBE3B92BC385DB004B4E9C /* Release */,
			);
			defaultConfigurationIsVisible = 0;
			defaultConfigurationName = Release;
		};
		34EBE3BA2BC385DB004B4E9C /* Build configuration list for PBXNativeTarget "Word Scramble" */ = {
			isa = XCConfigurationList;
			buildConfigurations = (
				34EBE3BB2BC385DB004B4E9C /* Debug */,
				34EBE3BC2BC385DB004B4E9C /* Release */,
			);
			defaultConfigurationIsVisible = 0;
			defaultConfigurationName = Release;
		};
		34EBE3BD2BC385DB004B4E9C /* Build configuration list for PBXNativeTarget "Word ScrambleTests" */ = {
			isa = XCConfigurationList;
			buildConfigurations = (
				34EBE3BE2BC385DB004B4E9C /* Debug */,
				34EBE3BF2BC385DB004B4E9C /* Release */,
			);
			defaultConfigurationIsVisible = 0;
			defaultConfigurationName = Release;
		};
		34EBE3C02BC385DB004B4E9C /* Build configuration list for PBXNativeTarget "Word ScrambleUITests" */ = {
			isa = XCConfigurationList;
			buildConfigurations = (
				34EBE3C12BC385DB004B4E9C /* Debug */,
				34EBE3C22BC385DB004B4E9C /* Release */,
			);
			defaultConfigurationIsVisible = 0;
			defaultConfigurationName = Release;
		};
/* End XCConfigurationList section */
	};
	rootObject = 34EBE38E2BC385D9004B4E9C /* Project object */;
}
